// !$*UTF8*$!
{
	archiveVersion = 1;
	classes = {
	};
	objectVersion = 56;
	objects = {

/* Begin PBXBuildFile section */
		F73F1DA52BA4A7AC00CCD1D8 /* ProfileViewController.swift in Sources */ = {isa = PBXBuildFile; fileRef = F73F1DA42BA4A7AC00CCD1D8 /* ProfileViewController.swift */; };
		F73F1DA82BA6E19400CCD1D8 /* SingleImageViewController.swift in Sources */ = {isa = PBXBuildFile; fileRef = F73F1DA72BA6E19400CCD1D8 /* SingleImageViewController.swift */; };
		F76A5B1C2BC1666500DD3FC0 /* OAuth2Service.swift in Sources */ = {isa = PBXBuildFile; fileRef = F76A5B1B2BC1666500DD3FC0 /* OAuth2Service.swift */; };
		F76A5B1E2BC16ED100DD3FC0 /* URLSession+data.swift in Sources */ = {isa = PBXBuildFile; fileRef = F76A5B1D2BC16ED100DD3FC0 /* URLSession+data.swift */; };
		F76BDE822BBD61BD0032DA78 /* WebViewViewController.swift in Sources */ = {isa = PBXBuildFile; fileRef = F76BDE812BBD61BD0032DA78 /* WebViewViewController.swift */; };
		F76FB56C2BBC784500E93A6E /* AuthViewController.swift in Sources */ = {isa = PBXBuildFile; fileRef = F76FB56B2BBC784500E93A6E /* AuthViewController.swift */; };
		F77564D82B90F91A00618789 /* AppDelegate.swift in Sources */ = {isa = PBXBuildFile; fileRef = F77564D72B90F91A00618789 /* AppDelegate.swift */; };
		F77564DA2B90F91A00618789 /* SceneDelegate.swift in Sources */ = {isa = PBXBuildFile; fileRef = F77564D92B90F91A00618789 /* SceneDelegate.swift */; };
		F77564DC2B90F91A00618789 /* ImagesListViewController.swift in Sources */ = {isa = PBXBuildFile; fileRef = F77564DB2B90F91A00618789 /* ImagesListViewController.swift */; };
		F77564DF2B90F91A00618789 /* Main.storyboard in Resources */ = {isa = PBXBuildFile; fileRef = F77564DD2B90F91A00618789 /* Main.storyboard */; };
		F77564E12B90F91C00618789 /* Assets.xcassets in Resources */ = {isa = PBXBuildFile; fileRef = F77564E02B90F91C00618789 /* Assets.xcassets */; };
		F77564E42B90F91C00618789 /* LaunchScreen.storyboard in Resources */ = {isa = PBXBuildFile; fileRef = F77564E22B90F91C00618789 /* LaunchScreen.storyboard */; };
		F776AAED2B988B6900466BBE /* ImagesListCell.swift in Sources */ = {isa = PBXBuildFile; fileRef = F776AAEC2B988B6900466BBE /* ImagesListCell.swift */; };
		F782DD922BBB4A48003B0510 /* Constants.swift in Sources */ = {isa = PBXBuildFile; fileRef = F782DD912BBB4A48003B0510 /* Constants.swift */; };
/* End PBXBuildFile section */

/* Begin PBXFileReference section */
		F73F1DA42BA4A7AC00CCD1D8 /* ProfileViewController.swift */ = {isa = PBXFileReference; lastKnownFileType = sourcecode.swift; path = ProfileViewController.swift; sourceTree = "<group>"; };
		F73F1DA72BA6E19400CCD1D8 /* SingleImageViewController.swift */ = {isa = PBXFileReference; lastKnownFileType = sourcecode.swift; path = SingleImageViewController.swift; sourceTree = "<group>"; };
		F76A5B1B2BC1666500DD3FC0 /* OAuth2Service.swift */ = {isa = PBXFileReference; lastKnownFileType = sourcecode.swift; path = OAuth2Service.swift; sourceTree = "<group>"; };
		F76A5B1D2BC16ED100DD3FC0 /* URLSession+data.swift */ = {isa = PBXFileReference; lastKnownFileType = sourcecode.swift; path = "URLSession+data.swift"; sourceTree = "<group>"; };
		F76BDE812BBD61BD0032DA78 /* WebViewViewController.swift */ = {isa = PBXFileReference; lastKnownFileType = sourcecode.swift; path = WebViewViewController.swift; sourceTree = "<group>"; };
		F76FB56B2BBC784500E93A6E /* AuthViewController.swift */ = {isa = PBXFileReference; lastKnownFileType = sourcecode.swift; path = AuthViewController.swift; sourceTree = "<group>"; };
		F77564D42B90F91A00618789 /* ImageFeed.app */ = {isa = PBXFileReference; explicitFileType = wrapper.application; includeInIndex = 0; path = ImageFeed.app; sourceTree = BUILT_PRODUCTS_DIR; };
		F77564D72B90F91A00618789 /* AppDelegate.swift */ = {isa = PBXFileReference; lastKnownFileType = sourcecode.swift; path = AppDelegate.swift; sourceTree = "<group>"; };
		F77564D92B90F91A00618789 /* SceneDelegate.swift */ = {isa = PBXFileReference; lastKnownFileType = sourcecode.swift; path = SceneDelegate.swift; sourceTree = "<group>"; };
		F77564DB2B90F91A00618789 /* ImagesListViewController.swift */ = {isa = PBXFileReference; lastKnownFileType = sourcecode.swift; path = ImagesListViewController.swift; sourceTree = "<group>"; };
		F77564DE2B90F91A00618789 /* Base */ = {isa = PBXFileReference; lastKnownFileType = file.storyboard; name = Base; path = Base.lproj/Main.storyboard; sourceTree = "<group>"; };
		F77564E02B90F91C00618789 /* Assets.xcassets */ = {isa = PBXFileReference; lastKnownFileType = folder.assetcatalog; path = Assets.xcassets; sourceTree = "<group>"; };
		F77564E32B90F91C00618789 /* Base */ = {isa = PBXFileReference; lastKnownFileType = file.storyboard; name = Base; path = Base.lproj/LaunchScreen.storyboard; sourceTree = "<group>"; };
		F77564E52B90F91C00618789 /* Info.plist */ = {isa = PBXFileReference; lastKnownFileType = text.plist.xml; path = Info.plist; sourceTree = "<group>"; };
		F776AAEC2B988B6900466BBE /* ImagesListCell.swift */ = {isa = PBXFileReference; lastKnownFileType = sourcecode.swift; path = ImagesListCell.swift; sourceTree = "<group>"; };
		F782DD912BBB4A48003B0510 /* Constants.swift */ = {isa = PBXFileReference; lastKnownFileType = sourcecode.swift; path = Constants.swift; sourceTree = "<group>"; };
/* End PBXFileReference section */

/* Begin PBXFrameworksBuildPhase section */
		F77564D12B90F91A00618789 /* Frameworks */ = {
			isa = PBXFrameworksBuildPhase;
			buildActionMask = 2147483647;
			files = (
			);
			runOnlyForDeploymentPostprocessing = 0;
		};
/* End PBXFrameworksBuildPhase section */

/* Begin PBXGroup section */
		F73F1DA62BA4ABA200CCD1D8 /* Profile */ = {
			isa = PBXGroup;
			children = (
				F73F1DA42BA4A7AC00CCD1D8 /* ProfileViewController.swift */,
			);
			path = Profile;
			sourceTree = "<group>";
		};
		F73F1DA92BA6E6D000CCD1D8 /* SingleImageView */ = {
			isa = PBXGroup;
			children = (
				F73F1DA72BA6E19400CCD1D8 /* SingleImageViewController.swift */,
			);
			path = SingleImageView;
			sourceTree = "<group>";
		};
		F76FB56A2BBC783000E93A6E /* Auth */ = {
			isa = PBXGroup;
			children = (
				F76FB56B2BBC784500E93A6E /* AuthViewController.swift */,
				F76BDE812BBD61BD0032DA78 /* WebViewViewController.swift */,
				F76A5B1B2BC1666500DD3FC0 /* OAuth2Service.swift */,
				F76A5B1D2BC16ED100DD3FC0 /* URLSession+data.swift */,
			);
			path = Auth;
			sourceTree = "<group>";
		};
		F77564CB2B90F91A00618789 = {
			isa = PBXGroup;
			children = (
				F77564D62B90F91A00618789 /* ImageFeed */,
				F77564D52B90F91A00618789 /* Products */,
			);
			sourceTree = "<group>";
		};
		F77564D52B90F91A00618789 /* Products */ = {
			isa = PBXGroup;
			children = (
				F77564D42B90F91A00618789 /* ImageFeed.app */,
			);
			name = Products;
			sourceTree = "<group>";
		};
		F77564D62B90F91A00618789 /* ImageFeed */ = {
			isa = PBXGroup;
			children = (
				F76FB56A2BBC783000E93A6E /* Auth */,
				F73F1DA92BA6E6D000CCD1D8 /* SingleImageView */,
				F73F1DA62BA4ABA200CCD1D8 /* Profile */,
				F776AAEE2B988BB000466BBE /* ImagesList */,
				F77564D72B90F91A00618789 /* AppDelegate.swift */,
				F77564D92B90F91A00618789 /* SceneDelegate.swift */,
				F77564DD2B90F91A00618789 /* Main.storyboard */,
				F77564E02B90F91C00618789 /* Assets.xcassets */,
				F77564E22B90F91C00618789 /* LaunchScreen.storyboard */,
				F77564E52B90F91C00618789 /* Info.plist */,
				F782DD912BBB4A48003B0510 /* Constants.swift */,
			);
			path = ImageFeed;
			sourceTree = "<group>";
		};
		F776AAEE2B988BB000466BBE /* ImagesList */ = {
			isa = PBXGroup;
			children = (
				F77564DB2B90F91A00618789 /* ImagesListViewController.swift */,
				F776AAEC2B988B6900466BBE /* ImagesListCell.swift */,
			);
			path = ImagesList;
			sourceTree = "<group>";
		};
/* End PBXGroup section */

/* Begin PBXNativeTarget section */
		F77564D32B90F91A00618789 /* ImageFeed */ = {
			isa = PBXNativeTarget;
			buildConfigurationList = F77564E82B90F91C00618789 /* Build configuration list for PBXNativeTarget "ImageFeed" */;
			buildPhases = (
				F77564D02B90F91A00618789 /* Sources */,
				F77564D12B90F91A00618789 /* Frameworks */,
				F77564D22B90F91A00618789 /* Resources */,
			);
			buildRules = (
			);
			dependencies = (
			);
			name = ImageFeed;
			productName = ImageFeed;
			productReference = F77564D42B90F91A00618789 /* ImageFeed.app */;
			productType = "com.apple.product-type.application";
		};
/* End PBXNativeTarget section */

/* Begin PBXProject section */
		F77564CC2B90F91A00618789 /* Project object */ = {
			isa = PBXProject;
			attributes = {
				BuildIndependentTargetsInParallel = 1;
				LastSwiftUpdateCheck = 1500;
				LastUpgradeCheck = 1500;
				TargetAttributes = {
					F77564D32B90F91A00618789 = {
						CreatedOnToolsVersion = 15.0.1;
					};
				};
			};
			buildConfigurationList = F77564CF2B90F91A00618789 /* Build configuration list for PBXProject "ImageFeed" */;
			compatibilityVersion = "Xcode 14.0";
			developmentRegion = en;
			hasScannedForEncodings = 0;
			knownRegions = (
				en,
				Base,
			);
			mainGroup = F77564CB2B90F91A00618789;
			productRefGroup = F77564D52B90F91A00618789 /* Products */;
			projectDirPath = "";
			projectRoot = "";
			targets = (
				F77564D32B90F91A00618789 /* ImageFeed */,
			);
		};
/* End PBXProject section */

/* Begin PBXResourcesBuildPhase section */
		F77564D22B90F91A00618789 /* Resources */ = {
			isa = PBXResourcesBuildPhase;
			buildActionMask = 2147483647;
			files = (
				F77564E42B90F91C00618789 /* LaunchScreen.storyboard in Resources */,
				F77564E12B90F91C00618789 /* Assets.xcassets in Resources */,
				F77564DF2B90F91A00618789 /* Main.storyboard in Resources */,
			);
			runOnlyForDeploymentPostprocessing = 0;
		};
/* End PBXResourcesBuildPhase section */

/* Begin PBXSourcesBuildPhase section */
		F77564D02B90F91A00618789 /* Sources */ = {
			isa = PBXSourcesBuildPhase;
			buildActionMask = 2147483647;
			files = (
				F77564DC2B90F91A00618789 /* ImagesListViewController.swift in Sources */,
				F776AAED2B988B6900466BBE /* ImagesListCell.swift in Sources */,
				F73F1DA52BA4A7AC00CCD1D8 /* ProfileViewController.swift in Sources */,
				F77564D82B90F91A00618789 /* AppDelegate.swift in Sources */,
				F76FB56C2BBC784500E93A6E /* AuthViewController.swift in Sources */,
				F782DD922BBB4A48003B0510 /* Constants.swift in Sources */,
				F73F1DA82BA6E19400CCD1D8 /* SingleImageViewController.swift in Sources */,
				F76A5B1E2BC16ED100DD3FC0 /* URLSession+data.swift in Sources */,
				F76BDE822BBD61BD0032DA78 /* WebViewViewController.swift in Sources */,
				F76A5B1C2BC1666500DD3FC0 /* OAuth2Service.swift in Sources */,
				F77564DA2B90F91A00618789 /* SceneDelegate.swift in Sources */,
			);
			runOnlyForDeploymentPostprocessing = 0;
		};
/* End PBXSourcesBuildPhase section */

/* Begin PBXVariantGroup section */
		F77564DD2B90F91A00618789 /* Main.storyboard */ = {
			isa = PBXVariantGroup;
			children = (
				F77564DE2B90F91A00618789 /* Base */,
			);
			name = Main.storyboard;
			sourceTree = "<group>";
		};
		F77564E22B90F91C00618789 /* LaunchScreen.storyboard */ = {
			isa = PBXVariantGroup;
			children = (
				F77564E32B90F91C00618789 /* Base */,
			);
			name = LaunchScreen.storyboard;
			sourceTree = "<group>";
		};
/* End PBXVariantGroup section */

/* Begin XCBuildConfiguration section */
		F77564E62B90F91C00618789 /* Debug */ = {
			isa = XCBuildConfiguration;
			buildSettings = {
				ALWAYS_SEARCH_USER_PATHS = NO;
				ASSETCATALOG_COMPILER_GENERATE_SWIFT_ASSET_SYMBOL_EXTENSIONS = YES;
				CLANG_ANALYZER_NONNULL = YES;
				CLANG_ANALYZER_NUMBER_OBJECT_CONVERSION = YES_AGGRESSIVE;
				CLANG_CXX_LANGUAGE_STANDARD = "gnu++20";
				CLANG_ENABLE_MODULES = YES;
				CLANG_ENABLE_OBJC_ARC = YES;
				CLANG_ENABLE_OBJC_WEAK = YES;
				CLANG_WARN_BLOCK_CAPTURE_AUTORELEASING = YES;
				CLANG_WARN_BOOL_CONVERSION = YES;
				CLANG_WARN_COMMA = YES;
				CLANG_WARN_CONSTANT_CONVERSION = YES;
				CLANG_WARN_DEPRECATED_OBJC_IMPLEMENTATIONS = YES;
				CLANG_WARN_DIRECT_OBJC_ISA_USAGE = YES_ERROR;
				CLANG_WARN_DOCUMENTATION_COMMENTS = YES;
				CLANG_WARN_EMPTY_BODY = YES;
				CLANG_WARN_ENUM_CONVERSION = YES;
				CLANG_WARN_INFINITE_RECURSION = YES;
				CLANG_WARN_INT_CONVERSION = YES;
				CLANG_WARN_NON_LITERAL_NULL_CONVERSION = YES;
				CLANG_WARN_OBJC_IMPLICIT_RETAIN_SELF = YES;
				CLANG_WARN_OBJC_LITERAL_CONVERSION = YES;
				CLANG_WARN_OBJC_ROOT_CLASS = YES_ERROR;
				CLANG_WARN_QUOTED_INCLUDE_IN_FRAMEWORK_HEADER = YES;
				CLANG_WARN_RANGE_LOOP_ANALYSIS = YES;
				CLANG_WARN_STRICT_PROTOTYPES = YES;
				CLANG_WARN_SUSPICIOUS_MOVE = YES;
				CLANG_WARN_UNGUARDED_AVAILABILITY = YES_AGGRESSIVE;
				CLANG_WARN_UNREACHABLE_CODE = YES;
				CLANG_WARN__DUPLICATE_METHOD_MATCH = YES;
				COPY_PHASE_STRIP = NO;
				DEBUG_INFORMATION_FORMAT = dwarf;
				ENABLE_STRICT_OBJC_MSGSEND = YES;
				ENABLE_TESTABILITY = YES;
				ENABLE_USER_SCRIPT_SANDBOXING = YES;
				GCC_C_LANGUAGE_STANDARD = gnu17;
				GCC_DYNAMIC_NO_PIC = NO;
				GCC_NO_COMMON_BLOCKS = YES;
				GCC_OPTIMIZATION_LEVEL = 0;
				GCC_PREPROCESSOR_DEFINITIONS = (
					"DEBUG=1",
					"$(inherited)",
				);
				GCC_WARN_64_TO_32_BIT_CONVERSION = YES;
				GCC_WARN_ABOUT_RETURN_TYPE = YES_ERROR;
				GCC_WARN_UNDECLARED_SELECTOR = YES;
				GCC_WARN_UNINITIALIZED_AUTOS = YES_AGGRESSIVE;
				GCC_WARN_UNUSED_FUNCTION = YES;
				GCC_WARN_UNUSED_VARIABLE = YES;
				IPHONEOS_DEPLOYMENT_TARGET = 13.0;
				LOCALIZATION_PREFERS_STRING_CATALOGS = YES;
				MTL_ENABLE_DEBUG_INFO = INCLUDE_SOURCE;
				MTL_FAST_MATH = YES;
				ONLY_ACTIVE_ARCH = YES;
				SDKROOT = iphoneos;
				SWIFT_ACTIVE_COMPILATION_CONDITIONS = "DEBUG $(inherited)";
				SWIFT_OPTIMIZATION_LEVEL = "-Onone";
			};
			name = Debug;
		};
		F77564E72B90F91C00618789 /* Release */ = {
			isa = XCBuildConfiguration;
			buildSettings = {
				ALWAYS_SEARCH_USER_PATHS = NO;
				ASSETCATALOG_COMPILER_GENERATE_SWIFT_ASSET_SYMBOL_EXTENSIONS = YES;
				CLANG_ANALYZER_NONNULL = YES;
				CLANG_ANALYZER_NUMBER_OBJECT_CONVERSION = YES_AGGRESSIVE;
				CLANG_CXX_LANGUAGE_STANDARD = "gnu++20";
				CLANG_ENABLE_MODULES = YES;
				CLANG_ENABLE_OBJC_ARC = YES;
				CLANG_ENABLE_OBJC_WEAK = YES;
				CLANG_WARN_BLOCK_CAPTURE_AUTORELEASING = YES;
				CLANG_WARN_BOOL_CONVERSION = YES;
				CLANG_WARN_COMMA = YES;
				CLANG_WARN_CONSTANT_CONVERSION = YES;
				CLANG_WARN_DEPRECATED_OBJC_IMPLEMENTATIONS = YES;
				CLANG_WARN_DIRECT_OBJC_ISA_USAGE = YES_ERROR;
				CLANG_WARN_DOCUMENTATION_COMMENTS = YES;
				CLANG_WARN_EMPTY_BODY = YES;
				CLANG_WARN_ENUM_CONVERSION = YES;
				CLANG_WARN_INFINITE_RECURSION = YES;
				CLANG_WARN_INT_CONVERSION = YES;
				CLANG_WARN_NON_LITERAL_NULL_CONVERSION = YES;
				CLANG_WARN_OBJC_IMPLICIT_RETAIN_SELF = YES;
				CLANG_WARN_OBJC_LITERAL_CONVERSION = YES;
				CLANG_WARN_OBJC_ROOT_CLASS = YES_ERROR;
				CLANG_WARN_QUOTED_INCLUDE_IN_FRAMEWORK_HEADER = YES;
				CLANG_WARN_RANGE_LOOP_ANALYSIS = YES;
				CLANG_WARN_STRICT_PROTOTYPES = YES;
				CLANG_WARN_SUSPICIOUS_MOVE = YES;
				CLANG_WARN_UNGUARDED_AVAILABILITY = YES_AGGRESSIVE;
				CLANG_WARN_UNREACHABLE_CODE = YES;
				CLANG_WARN__DUPLICATE_METHOD_MATCH = YES;
				COPY_PHASE_STRIP = NO;
				DEBUG_INFORMATION_FORMAT = "dwarf-with-dsym";
				ENABLE_NS_ASSERTIONS = NO;
				ENABLE_STRICT_OBJC_MSGSEND = YES;
				ENABLE_USER_SCRIPT_SANDBOXING = YES;
				GCC_C_LANGUAGE_STANDARD = gnu17;
				GCC_NO_COMMON_BLOCKS = YES;
				GCC_WARN_64_TO_32_BIT_CONVERSION = YES;
				GCC_WARN_ABOUT_RETURN_TYPE = YES_ERROR;
				GCC_WARN_UNDECLARED_SELECTOR = YES;
				GCC_WARN_UNINITIALIZED_AUTOS = YES_AGGRESSIVE;
				GCC_WARN_UNUSED_FUNCTION = YES;
				GCC_WARN_UNUSED_VARIABLE = YES;
				IPHONEOS_DEPLOYMENT_TARGET = 13.0;
				LOCALIZATION_PREFERS_STRING_CATALOGS = YES;
				MTL_ENABLE_DEBUG_INFO = NO;
				MTL_FAST_MATH = YES;
				SDKROOT = iphoneos;
				SWIFT_COMPILATION_MODE = wholemodule;
				VALIDATE_PRODUCT = YES;
			};
			name = Release;
		};
		F77564E92B90F91C00618789 /* Debug */ = {
			isa = XCBuildConfiguration;
			buildSettings = {
				ASSETCATALOG_COMPILER_APPICON_NAME = AppIcon;
				ASSETCATALOG_COMPILER_GLOBAL_ACCENT_COLOR_NAME = AccentColor;
				CODE_SIGN_STYLE = Automatic;
				CURRENT_PROJECT_VERSION = 1;
				DEVELOPMENT_TEAM = M92JL7MK92;
				GENERATE_INFOPLIST_FILE = YES;
				INFOPLIST_FILE = ImageFeed/Info.plist;
				INFOPLIST_KEY_UIApplicationSupportsIndirectInputEvents = YES;
				INFOPLIST_KEY_UILaunchStoryboardName = LaunchScreen;
				INFOPLIST_KEY_UIMainStoryboardFile = Main;
				INFOPLIST_KEY_UIStatusBarHidden = NO;
				INFOPLIST_KEY_UIStatusBarStyle = "";
				INFOPLIST_KEY_UISupportedInterfaceOrientations = UIInterfaceOrientationPortrait;
				IPHONEOS_DEPLOYMENT_TARGET = 13.0;
				LD_RUNPATH_SEARCH_PATHS = (
					"$(inherited)",
					"@executable_path/Frameworks",
				);
				MARKETING_VERSION = 1.0;
				PRODUCT_BUNDLE_IDENTIFIER = ru.glomebom.ImageFeed;
				PRODUCT_NAME = "$(TARGET_NAME)";
				SUPPORTED_PLATFORMS = "iphoneos iphonesimulator";
				SUPPORTS_MACCATALYST = NO;
				SWIFT_EMIT_LOC_STRINGS = YES;
				SWIFT_VERSION = 5.0;
				TARGETED_DEVICE_FAMILY = 1;
			};
			name = Debug;
		};
		F77564EA2B90F91C00618789 /* Release */ = {
			isa = XCBuildConfiguration;
			buildSettings = {
				ASSETCATALOG_COMPILER_APPICON_NAME = AppIcon;
				ASSETCATALOG_COMPILER_GLOBAL_ACCENT_COLOR_NAME = AccentColor;
				CODE_SIGN_STYLE = Automatic;
				CURRENT_PROJECT_VERSION = 1;
				DEVELOPMENT_TEAM = M92JL7MK92;
				GENERATE_INFOPLIST_FILE = YES;
				INFOPLIST_FILE = ImageFeed/Info.plist;
				INFOPLIST_KEY_UIApplicationSupportsIndirectInputEvents = YES;
				INFOPLIST_KEY_UILaunchStoryboardName = LaunchScreen;
				INFOPLIST_KEY_UIMainStoryboardFile = Main;
				INFOPLIST_KEY_UIStatusBarHidden = NO;
				INFOPLIST_KEY_UIStatusBarStyle = "";
				INFOPLIST_KEY_UISupportedInterfaceOrientations = UIInterfaceOrientationPortrait;
				IPHONEOS_DEPLOYMENT_TARGET = 13.0;
				LD_RUNPATH_SEARCH_PATHS = (
					"$(inherited)",
					"@executable_path/Frameworks",
				);
				MARKETING_VERSION = 1.0;
				PRODUCT_BUNDLE_IDENTIFIER = ru.glomebom.ImageFeed;
				PRODUCT_NAME = "$(TARGET_NAME)";
				SUPPORTED_PLATFORMS = "iphoneos iphonesimulator";
				SUPPORTS_MACCATALYST = NO;
				SWIFT_EMIT_LOC_STRINGS = YES;
				SWIFT_VERSION = 5.0;
				TARGETED_DEVICE_FAMILY = 1;
			};
			name = Release;
		};
/* End XCBuildConfiguration section */

/* Begin XCConfigurationList section */
		F77564CF2B90F91A00618789 /* Build configuration list for PBXProject "ImageFeed" */ = {
			isa = XCConfigurationList;
			buildConfigurations = (
				F77564E62B90F91C00618789 /* Debug */,
				F77564E72B90F91C00618789 /* Release */,
			);
			defaultConfigurationIsVisible = 0;
			defaultConfigurationName = Release;
		};
		F77564E82B90F91C00618789 /* Build configuration list for PBXNativeTarget "ImageFeed" */ = {
			isa = XCConfigurationList;
			buildConfigurations = (
				F77564E92B90F91C00618789 /* Debug */,
				F77564EA2B90F91C00618789 /* Release */,
			);
			defaultConfigurationIsVisible = 0;
			defaultConfigurationName = Release;
		};
/* End XCConfigurationList section */
	};
	rootObject = F77564CC2B90F91A00618789 /* Project object */;
}
